{
    "_readme": [
        "This file locks the dependencies of your project to a known state",
        "Read more about it at https://getcomposer.org/doc/01-basic-usage.md#installing-dependencies",
        "This file is @generated automatically"
    ],
    "content-hash": "560e2d0c069f12e6796dcf0d1a1970f9",
    "packages": [
        {
            "name": "drewlabs/curl-client",
            "version": "v0.3.3",
            "source": {
                "type": "git",
                "url": "https://github.com/azandrew-sidoine/drewlabs-curl-client.git",
                "reference": "953c484d889809577011cdee92f017315bf5c1d4"
            },
            "dist": {
                "type": "zip",
                "url": "https://api.github.com/repos/azandrew-sidoine/drewlabs-curl-client/zipball/953c484d889809577011cdee92f017315bf5c1d4",
                "reference": "953c484d889809577011cdee92f017315bf5c1d4",
                "shasum": ""
            },
            "require": {
                "ext-curl": "*",
                "php": ">=7.0"
            },
            "require-dev": {
                "donatj/mock-webserver": "^2.5",
                "phpunit/phpunit": "^6.0"
            },
            "type": "library",
            "autoload": {
                "psr-4": {
                    "Drewlabs\\Curl\\": "src/"
                }
            },
            "notification-url": "https://packagist.org/downloads/",
            "license": [
                "MIT"
            ],
            "authors": [
                {
                    "name": "azandrew-sidoine",
                    "email": "asmyns.platonnas29@gmail.com"
                }
            ],
            "description": "Provides a PHP class around PHP curl object and Psr18 client based on the curl library",
            "keywords": [
                "curl",
                "http"
            ],
            "support": {
                "issues": "https://github.com/azandrew-sidoine/drewlabs-curl-client/issues",
                "source": "https://github.com/azandrew-sidoine/drewlabs-curl-client/tree/v0.3.3"
            },
            "time": "2023-06-14T15:53:33+00:00"
        },
        {
            "name": "drewlabs/curl-rest-client",
            "version": "v0.2.8",
            "source": {
                "type": "git",
                "url": "https://github.com/azandrew-sidoine/curl-rest-client.git",
                "reference": "d0d92ccee5b8d5e9ca72dd25f0aa4cadc53aa143"
            },
            "dist": {
                "type": "zip",
                "url": "https://api.github.com/repos/azandrew-sidoine/curl-rest-client/zipball/d0d92ccee5b8d5e9ca72dd25f0aa4cadc53aa143",
                "reference": "d0d92ccee5b8d5e9ca72dd25f0aa4cadc53aa143",
                "shasum": ""
            },
            "require": {
                "drewlabs/curl-client": "^0.3.0"
            },
            "require-dev": {
                "donatj/mock-webserver": "^2.6",
                "phpunit/phpunit": ">=6.0"
            },
            "type": "library",
            "autoload": {
                "psr-4": {
                    "Drewlabs\\Curl\\REST\\": "src/"
                }
            },
            "notification-url": "https://packagist.org/downloads/",
            "license": [
                "MIT"
            ],
            "authors": [
                {
                    "name": "azandrew-sidoine",
                    "email": "asmyns.platonnas29@gmail.com"
                }
            ],
            "description": "Built on top of curl client library, it offers REST supported HTTP verbs for sending request to backend service.",
            "support": {
                "issues": "https://github.com/azandrew-sidoine/curl-rest-client/issues",
                "source": "https://github.com/azandrew-sidoine/curl-rest-client/tree/v0.2.8"
            },
            "time": "2023-04-23T14:13:15+00:00"
        },
        {
            "name": "drewlabs/overloadable",
            "version": "v0.1.10",
            "source": {
                "type": "git",
                "url": "https://github.com/azandrew-sidoine/drewlabs-php-overloadable.git",
                "reference": "aa0331894ff775e1c666f47a2d9834561dbba9ca"
            },
            "dist": {
                "type": "zip",
                "url": "https://api.github.com/repos/azandrew-sidoine/drewlabs-php-overloadable/zipball/aa0331894ff775e1c666f47a2d9834561dbba9ca",
                "reference": "aa0331894ff775e1c666f47a2d9834561dbba9ca",
                "shasum": ""
            },
            "require": {
                "php": ">=7.3",
                "symfony/polyfill-php81": "^1.24"
            },
            "require-dev": {
                "phpunit/phpunit": "^9.5"
            },
            "type": "library",
            "autoload": {
                "psr-4": {
                    "Drewlabs\\Overloadable\\": "src/"
                }
            },
            "notification-url": "https://packagist.org/downloads/",
            "license": [
                "MIT"
            ],
            "authors": [
                {
                    "name": "azandrew-sidoine",
                    "email": "asmyns.platonnas29@gmail.com"
                }
            ],
            "description": "Provides function overloading to PHP language. It's an experimental feature as it may not be optimized for all use-case",
            "support": {
                "source": "https://github.com/azandrew-sidoine/drewlabs-php-overloadable/tree/v0.1.10"
            },
            "time": "2023-04-04T10:42:40+00:00"
        },
        {
            "name": "drewlabs/rest-query",
            "version": "v0.1.22",
            "source": {
                "type": "git",
                "url": "https://github.com/azandrew-sidoine/rest-query.git",
                "reference": "e99abc24046ca3db15470a0351c9cdf91866ea8e"
            },
            "dist": {
                "type": "zip",
                "url": "https://api.github.com/repos/azandrew-sidoine/rest-query/zipball/e99abc24046ca3db15470a0351c9cdf91866ea8e",
                "reference": "e99abc24046ca3db15470a0351c9cdf91866ea8e",
                "shasum": ""
            },
            "require": {
                "php": ">=7.2"
            },
            "require-dev": {
                "drewlabs/curl-rest-client": "^0.2.0",
                "drewlabs/overloadable": "^0.1.10",
                "phpunit/phpunit": ">=6.0"
            },
            "suggest": {
                "drewlabs/curl-rest-client": "Required for making http request using the RESTQueryClient",
                "drewlabs/overloadable": "Request by the QueryLanguageClient class implementation to provide custom method overloading"
            },
            "type": "library",
            "autoload": {
                "psr-4": {
                    "Drewlabs\\RestQuery\\": "src/"
                }
            },
            "notification-url": "https://packagist.org/downloads/",
            "license": [
                "MIT"
            ],
            "authors": [
                {
                    "name": "azandrew-sidoine",
                    "email": "asmyns.platonnas29@gmail.com"
                }
            ],
            "description": "REST service query implementation",
            "support": {
                "issues": "https://github.com/azandrew-sidoine/rest-query/issues",
                "source": "https://github.com/azandrew-sidoine/rest-query/tree/v0.1.22"
            },
            "time": "2023-04-10T19:55:41+00:00"
        },
        {
            "name": "graham-campbell/result-type",
            "version": "v1.1.1",
            "source": {
                "type": "git",
                "url": "https://github.com/GrahamCampbell/Result-Type.git",
                "reference": "672eff8cf1d6fe1ef09ca0f89c4b287d6a3eb831"
            },
            "dist": {
                "type": "zip",
                "url": "https://api.github.com/repos/GrahamCampbell/Result-Type/zipball/672eff8cf1d6fe1ef09ca0f89c4b287d6a3eb831",
                "reference": "672eff8cf1d6fe1ef09ca0f89c4b287d6a3eb831",
                "shasum": ""
            },
            "require": {
                "php": "^7.2.5 || ^8.0",
                "phpoption/phpoption": "^1.9.1"
            },
            "require-dev": {
                "phpunit/phpunit": "^8.5.32 || ^9.6.3 || ^10.0.12"
            },
            "type": "library",
            "autoload": {
                "psr-4": {
                    "GrahamCampbell\\ResultType\\": "src/"
                }
            },
            "notification-url": "https://packagist.org/downloads/",
            "license": [
                "MIT"
            ],
            "authors": [
                {
                    "name": "Graham Campbell",
                    "email": "hello@gjcampbell.co.uk",
                    "homepage": "https://github.com/GrahamCampbell"
                }
            ],
            "description": "An Implementation Of The Result Type",
            "keywords": [
                "Graham Campbell",
                "GrahamCampbell",
                "Result Type",
                "Result-Type",
                "result"
            ],
            "support": {
                "issues": "https://github.com/GrahamCampbell/Result-Type/issues",
                "source": "https://github.com/GrahamCampbell/Result-Type/tree/v1.1.1"
            },
            "funding": [
                {
                    "url": "https://github.com/GrahamCampbell",
                    "type": "github"
                },
                {
                    "url": "https://tidelift.com/funding/github/packagist/graham-campbell/result-type",
                    "type": "tidelift"
                }
            ],
            "time": "2023-02-25T20:23:15+00:00"
        },
        {
            "name": "phpoption/phpoption",
            "version": "1.9.1",
            "source": {
                "type": "git",
                "url": "https://github.com/schmittjoh/php-option.git",
                "reference": "dd3a383e599f49777d8b628dadbb90cae435b87e"
            },
            "dist": {
                "type": "zip",
                "url": "https://api.github.com/repos/schmittjoh/php-option/zipball/dd3a383e599f49777d8b628dadbb90cae435b87e",
                "reference": "dd3a383e599f49777d8b628dadbb90cae435b87e",
                "shasum": ""
            },
            "require": {
                "php": "^7.2.5 || ^8.0"
            },
            "require-dev": {
                "bamarni/composer-bin-plugin": "^1.8.2",
                "phpunit/phpunit": "^8.5.32 || ^9.6.3 || ^10.0.12"
            },
            "type": "library",
            "extra": {
                "bamarni-bin": {
                    "bin-links": true,
                    "forward-command": true
                },
                "branch-alias": {
                    "dev-master": "1.9-dev"
                }
            },
            "autoload": {
                "psr-4": {
                    "PhpOption\\": "src/PhpOption/"
                }
            },
            "notification-url": "https://packagist.org/downloads/",
            "license": [
                "Apache-2.0"
            ],
            "authors": [
                {
                    "name": "Johannes M. Schmitt",
                    "email": "schmittjoh@gmail.com",
                    "homepage": "https://github.com/schmittjoh"
                },
                {
                    "name": "Graham Campbell",
                    "email": "hello@gjcampbell.co.uk",
                    "homepage": "https://github.com/GrahamCampbell"
                }
            ],
            "description": "Option Type for PHP",
            "keywords": [
                "language",
                "option",
                "php",
                "type"
            ],
            "support": {
                "issues": "https://github.com/schmittjoh/php-option/issues",
                "source": "https://github.com/schmittjoh/php-option/tree/1.9.1"
            },
            "funding": [
                {
                    "url": "https://github.com/GrahamCampbell",
                    "type": "github"
                },
                {
                    "url": "https://tidelift.com/funding/github/packagist/phpoption/phpoption",
                    "type": "tidelift"
                }
            ],
            "time": "2023-02-25T19:38:58+00:00"
        },
        {
            "name": "symfony/polyfill-ctype",
            "version": "v1.27.0",
            "source": {
                "type": "git",
                "url": "https://github.com/symfony/polyfill-ctype.git",
                "reference": "5bbc823adecdae860bb64756d639ecfec17b050a"
            },
            "dist": {
                "type": "zip",
                "url": "https://api.github.com/repos/symfony/polyfill-ctype/zipball/5bbc823adecdae860bb64756d639ecfec17b050a",
                "reference": "5bbc823adecdae860bb64756d639ecfec17b050a",
                "shasum": ""
            },
            "require": {
                "php": ">=7.1"
            },
            "provide": {
                "ext-ctype": "*"
            },
            "suggest": {
                "ext-ctype": "For best performance"
            },
            "type": "library",
            "extra": {
                "branch-alias": {
                    "dev-main": "1.27-dev"
                },
                "thanks": {
                    "name": "symfony/polyfill",
                    "url": "https://github.com/symfony/polyfill"
                }
            },
            "autoload": {
                "files": [
                    "bootstrap.php"
                ],
                "psr-4": {
                    "Symfony\\Polyfill\\Ctype\\": ""
                }
            },
            "notification-url": "https://packagist.org/downloads/",
            "license": [
                "MIT"
            ],
            "authors": [
                {
                    "name": "Gert de Pagter",
                    "email": "BackEndTea@gmail.com"
                },
                {
                    "name": "Symfony Community",
                    "homepage": "https://symfony.com/contributors"
                }
            ],
            "description": "Symfony polyfill for ctype functions",
            "homepage": "https://symfony.com",
            "keywords": [
                "compatibility",
                "ctype",
                "polyfill",
                "portable"
            ],
            "support": {
                "source": "https://github.com/symfony/polyfill-ctype/tree/v1.27.0"
            },
            "funding": [
                {
                    "url": "https://symfony.com/sponsor",
                    "type": "custom"
                },
                {
                    "url": "https://github.com/fabpot",
                    "type": "github"
                },
                {
                    "url": "https://tidelift.com/funding/github/packagist/symfony/symfony",
                    "type": "tidelift"
                }
            ],
            "time": "2022-11-03T14:55:06+00:00"
        },
        {
            "name": "symfony/polyfill-mbstring",
            "version": "v1.27.0",
            "source": {
                "type": "git",
                "url": "https://github.com/symfony/polyfill-mbstring.git",
                "reference": "8ad114f6b39e2c98a8b0e3bd907732c207c2b534"
            },
            "dist": {
                "type": "zip",
                "url": "https://api.github.com/repos/symfony/polyfill-mbstring/zipball/8ad114f6b39e2c98a8b0e3bd907732c207c2b534",
                "reference": "8ad114f6b39e2c98a8b0e3bd907732c207c2b534",
                "shasum": ""
            },
            "require": {
                "php": ">=7.1"
            },
            "provide": {
                "ext-mbstring": "*"
            },
            "suggest": {
                "ext-mbstring": "For best performance"
            },
            "type": "library",
            "extra": {
                "branch-alias": {
                    "dev-main": "1.27-dev"
                },
                "thanks": {
                    "name": "symfony/polyfill",
                    "url": "https://github.com/symfony/polyfill"
                }
            },
            "autoload": {
                "files": [
                    "bootstrap.php"
                ],
                "psr-4": {
                    "Symfony\\Polyfill\\Mbstring\\": ""
                }
            },
            "notification-url": "https://packagist.org/downloads/",
            "license": [
                "MIT"
            ],
            "authors": [
                {
                    "name": "Nicolas Grekas",
                    "email": "p@tchwork.com"
                },
                {
                    "name": "Symfony Community",
                    "homepage": "https://symfony.com/contributors"
                }
            ],
            "description": "Symfony polyfill for the Mbstring extension",
            "homepage": "https://symfony.com",
            "keywords": [
                "compatibility",
                "mbstring",
                "polyfill",
                "portable",
                "shim"
            ],
            "support": {
                "source": "https://github.com/symfony/polyfill-mbstring/tree/v1.27.0"
            },
            "funding": [
                {
                    "url": "https://symfony.com/sponsor",
                    "type": "custom"
                },
                {
                    "url": "https://github.com/fabpot",
                    "type": "github"
                },
                {
                    "url": "https://tidelift.com/funding/github/packagist/symfony/symfony",
                    "type": "tidelift"
                }
            ],
            "time": "2022-11-03T14:55:06+00:00"
        },
        {
            "name": "symfony/polyfill-php80",
            "version": "v1.27.0",
            "source": {
                "type": "git",
                "url": "https://github.com/symfony/polyfill-php80.git",
                "reference": "7a6ff3f1959bb01aefccb463a0f2cd3d3d2fd936"
            },
            "dist": {
                "type": "zip",
                "url": "https://api.github.com/repos/symfony/polyfill-php80/zipball/7a6ff3f1959bb01aefccb463a0f2cd3d3d2fd936",
                "reference": "7a6ff3f1959bb01aefccb463a0f2cd3d3d2fd936",
                "shasum": ""
            },
            "require": {
                "php": ">=7.1"
            },
            "type": "library",
            "extra": {
                "branch-alias": {
                    "dev-main": "1.27-dev"
                },
                "thanks": {
                    "name": "symfony/polyfill",
                    "url": "https://github.com/symfony/polyfill"
                }
            },
            "autoload": {
                "files": [
                    "bootstrap.php"
                ],
                "psr-4": {
                    "Symfony\\Polyfill\\Php80\\": ""
                },
                "classmap": [
                    "Resources/stubs"
                ]
            },
            "notification-url": "https://packagist.org/downloads/",
            "license": [
                "MIT"
            ],
            "authors": [
                {
                    "name": "Ion Bazan",
                    "email": "ion.bazan@gmail.com"
                },
                {
                    "name": "Nicolas Grekas",
                    "email": "p@tchwork.com"
                },
                {
                    "name": "Symfony Community",
                    "homepage": "https://symfony.com/contributors"
                }
            ],
            "description": "Symfony polyfill backporting some PHP 8.0+ features to lower PHP versions",
            "homepage": "https://symfony.com",
            "keywords": [
                "compatibility",
                "polyfill",
                "portable",
                "shim"
            ],
            "support": {
                "source": "https://github.com/symfony/polyfill-php80/tree/v1.27.0"
            },
            "funding": [
                {
                    "url": "https://symfony.com/sponsor",
                    "type": "custom"
                },
                {
                    "url": "https://github.com/fabpot",
                    "type": "github"
                },
                {
                    "url": "https://tidelift.com/funding/github/packagist/symfony/symfony",
                    "type": "tidelift"
                }
            ],
            "time": "2022-11-03T14:55:06+00:00"
        },
        {
            "name": "symfony/polyfill-php81",
            "version": "v1.27.0",
            "source": {
                "type": "git",
                "url": "https://github.com/symfony/polyfill-php81.git",
                "reference": "707403074c8ea6e2edaf8794b0157a0bfa52157a"
            },
            "dist": {
                "type": "zip",
                "url": "https://api.github.com/repos/symfony/polyfill-php81/zipball/707403074c8ea6e2edaf8794b0157a0bfa52157a",
                "reference": "707403074c8ea6e2edaf8794b0157a0bfa52157a",
                "shasum": ""
            },
            "require": {
                "php": ">=7.1"
            },
            "type": "library",
            "extra": {
                "branch-alias": {
                    "dev-main": "1.27-dev"
                },
                "thanks": {
                    "name": "symfony/polyfill",
                    "url": "https://github.com/symfony/polyfill"
                }
            },
            "autoload": {
                "files": [
                    "bootstrap.php"
                ],
                "psr-4": {
                    "Symfony\\Polyfill\\Php81\\": ""
                },
                "classmap": [
                    "Resources/stubs"
                ]
            },
            "notification-url": "https://packagist.org/downloads/",
            "license": [
                "MIT"
            ],
            "authors": [
                {
                    "name": "Nicolas Grekas",
                    "email": "p@tchwork.com"
                },
                {
                    "name": "Symfony Community",
                    "homepage": "https://symfony.com/contributors"
                }
            ],
            "description": "Symfony polyfill backporting some PHP 8.1+ features to lower PHP versions",
            "homepage": "https://symfony.com",
            "keywords": [
                "compatibility",
                "polyfill",
                "portable",
                "shim"
            ],
            "support": {
                "source": "https://github.com/symfony/polyfill-php81/tree/v1.27.0"
            },
            "funding": [
                {
                    "url": "https://symfony.com/sponsor",
                    "type": "custom"
                },
                {
                    "url": "https://github.com/fabpot",
                    "type": "github"
                },
                {
                    "url": "https://tidelift.com/funding/github/packagist/symfony/symfony",
                    "type": "tidelift"
                }
            ],
            "time": "2022-11-03T14:55:06+00:00"
        },
        {
            "name": "vlucas/phpdotenv",
            "version": "v5.5.0",
            "source": {
                "type": "git",
                "url": "https://github.com/vlucas/phpdotenv.git",
                "reference": "1a7ea2afc49c3ee6d87061f5a233e3a035d0eae7"
            },
            "dist": {
                "type": "zip",
                "url": "https://api.github.com/repos/vlucas/phpdotenv/zipball/1a7ea2afc49c3ee6d87061f5a233e3a035d0eae7",
                "reference": "1a7ea2afc49c3ee6d87061f5a233e3a035d0eae7",
                "shasum": ""
            },
            "require": {
                "ext-pcre": "*",
                "graham-campbell/result-type": "^1.0.2",
                "php": "^7.1.3 || ^8.0",
                "phpoption/phpoption": "^1.8",
                "symfony/polyfill-ctype": "^1.23",
                "symfony/polyfill-mbstring": "^1.23.1",
                "symfony/polyfill-php80": "^1.23.1"
            },
            "require-dev": {
                "bamarni/composer-bin-plugin": "^1.4.1",
                "ext-filter": "*",
                "phpunit/phpunit": "^7.5.20 || ^8.5.30 || ^9.5.25"
            },
            "suggest": {
                "ext-filter": "Required to use the boolean validator."
            },
            "type": "library",
            "extra": {
                "bamarni-bin": {
                    "bin-links": true,
                    "forward-command": true
                },
                "branch-alias": {
                    "dev-master": "5.5-dev"
                }
            },
            "autoload": {
                "psr-4": {
                    "Dotenv\\": "src/"
                }
            },
            "notification-url": "https://packagist.org/downloads/",
            "license": [
                "BSD-3-Clause"
            ],
            "authors": [
                {
                    "name": "Graham Campbell",
                    "email": "hello@gjcampbell.co.uk",
                    "homepage": "https://github.com/GrahamCampbell"
                },
                {
                    "name": "Vance Lucas",
                    "email": "vance@vancelucas.com",
                    "homepage": "https://github.com/vlucas"
                }
            ],
            "description": "Loads environment variables from `.env` to `getenv()`, `$_ENV` and `$_SERVER` automagically.",
            "keywords": [
                "dotenv",
                "env",
                "environment"
            ],
            "support": {
                "issues": "https://github.com/vlucas/phpdotenv/issues",
                "source": "https://github.com/vlucas/phpdotenv/tree/v5.5.0"
            },
            "funding": [
                {
                    "url": "https://github.com/GrahamCampbell",
                    "type": "github"
                },
                {
                    "url": "https://tidelift.com/funding/github/packagist/vlucas/phpdotenv",
                    "type": "tidelift"
                }
            ],
            "time": "2022-10-16T01:01:54+00:00"
        }
    ],
    "packages-dev": [
        {
            "name": "drewlabs/code-generator",
            "version": "v0.2.4",
            "source": {
                "type": "git",
                "url": "https://github.com/azandrew-sidoine/drewlabs-php-code-generator.git",
                "reference": "bc8b149346d3b448b6bd2556b9b5191294290857"
            },
            "dist": {
                "type": "zip",
                "url": "https://api.github.com/repos/azandrew-sidoine/drewlabs-php-code-generator/zipball/bc8b149346d3b448b6bd2556b9b5191294290857",
                "reference": "bc8b149346d3b448b6bd2556b9b5191294290857",
                "shasum": ""
            },
            "require": {
                "php": ">=7.2"
            },
            "type": "library",
            "autoload": {
                "files": [
                    "./src/proxies.php"
                ],
                "psr-4": {
                    "Drewlabs\\CodeGenerator\\": "src/"
                }
            },
            "notification-url": "https://packagist.org/downloads/",
            "license": [
                "MIT"
            ],
            "authors": [
                {
                    "name": "azandrew-sidoine",
                    "email": "asmyns.platonnas29@gmail.com"
                }
            ],
            "description": "Simple utility classes for generating PHP classes, methods, properties and interfaces",
            "support": {
                "source": "https://github.com/azandrew-sidoine/drewlabs-php-code-generator/tree/v0.2.4"
            },
            "time": "2023-03-22T14:02:57+00:00"
        },
        {
            "name": "drewlabs/mdl-cli",
            "version": "v0.2.22",
            "source": {
                "type": "git",
                "url": "https://github.com/azandrew-sidoine/mdl.git",
                "reference": "cfef03a6b576dbed527227293c1586e995ef9dff"
            },
            "dist": {
                "type": "zip",
                "url": "https://api.github.com/repos/azandrew-sidoine/mdl/zipball/cfef03a6b576dbed527227293c1586e995ef9dff",
                "reference": "cfef03a6b576dbed527227293c1586e995ef9dff",
                "shasum": ""
            },
            "require": {
                "drewlabs/code-generator": "^0.2.4",
                "ext-yaml": "*",
                "php": ">=7.2"
            },
            "bin": [
                "bin/mdl"
            ],
            "type": "library",
            "autoload": {
                "psr-4": {
                    "Drewlabs\\Mdl\\": "src/"
                }
            },
            "notification-url": "https://packagist.org/downloads/",
            "license": [
                "MIT"
            ],
            "authors": [
                {
                    "name": "azandrew-sidoine",
                    "email": "asmyns.platonnas29@gmail.com"
                }
            ],
            "description": "PHP script for generating classes, interface, mixin, ect... based on UML model written in YAML or JSON language",
            "support": {
                "issues": "https://github.com/azandrew-sidoine/mdl/issues",
                "source": "https://github.com/azandrew-sidoine/mdl/tree/v0.2.22"
            },
            "time": "2023-06-19T15:30:31+00:00"
        }
    ],
    "aliases": [],
    "minimum-stability": "stable",
    "stability-flags": [],
    "prefer-stable": false,
    "prefer-lowest": false,
    "platform": [],
    "platform-dev": [],
    "plugin-api-version": "2.2.0"
}
